
Microsoft Visual Studio Solution File, Format Version 12.00
# Visual Studio Version 16
VisualStudioVersion = 16.0.28803.352
MinimumVisualStudioVersion = 10.0.40219.1
Project("{FAE04EC0-301F-11D3-BF4B-00C04F79EFBC}") = "SalesTaxesProblem", "SalesTaxesProblem\SalesTaxesProblem.csproj", "{9C07297D-3D96-4120-A3EF-58D7F9A782AE}"
EndProject
Project("{FAE04EC0-301F-11D3-BF4B-00C04F79EFBC}") = "Models", "Models\Models.csproj", "{2B850450-2F0F-4BB6-9BD3-703081CDBFE1}"
EndProject
Project("{FAE04EC0-301F-11D3-BF4B-00C04F79EFBC}") = "Tests", "Tests\Tests.csproj", "{9B33C883-BF16-47F3-A555-E9FA1C8CA6A5}"
EndProject
Project("{FAE04EC0-301F-11D3-BF4B-00C04F79EFBC}") = "Managers", "Managers\Managers.csproj", "{99A62EE0-2A52-424A-AC4C-AC1B5ABD9203}"
EndProject
Global
	GlobalSection(SolutionConfigurationPlatforms) = preSolution
		Debug|Any CPU = Debug|Any CPU
		Release|Any CPU = Release|Any CPU
	EndGlobalSection
	GlobalSection(ProjectConfigurationPlatforms) = postSolution
		{9C07297D-3D96-4120-A3EF-58D7F9A782AE}.Debug|Any CPU.ActiveCfg = Debug|Any CPU
		{9C07297D-3D96-4120-A3EF-58D7F9A782AE}.Debug|Any CPU.Build.0 = Debug|Any CPU
		{9C07297D-3D96-4120-A3EF-58D7F9A782AE}.Release|Any CPU.ActiveCfg = Release|Any CPU
		{9C07297D-3D96-4120-A3EF-58D7F9A782AE}.Release|Any CPU.Build.0 = Release|Any CPU
		{2B850450-2F0F-4BB6-9BD3-703081CDBFE1}.Debug|Any CPU.ActiveCfg = Debug|Any CPU
		{2B850450-2F0F-4BB6-9BD3-703081CDBFE1}.Debug|Any CPU.Build.0 = Debug|Any CPU
		{2B850450-2F0F-4BB6-9BD3-703081CDBFE1}.Release|Any CPU.ActiveCfg = Release|Any CPU
		{2B850450-2F0F-4BB6-9BD3-703081CDBFE1}.Release|Any CPU.Build.0 = Release|Any CPU
		{9B33C883-BF16-47F3-A555-E9FA1C8CA6A5}.Debug|Any CPU.ActiveCfg = Debug|Any CPU
		{9B33C883-BF16-47F3-A555-E9FA1C8CA6A5}.Debug|Any CPU.Build.0 = Debug|Any CPU
		{9B33C883-BF16-47F3-A555-E9FA1C8CA6A5}.Release|Any CPU.ActiveCfg = Release|Any CPU
		{9B33C883-BF16-47F3-A555-E9FA1C8CA6A5}.Release|Any CPU.Build.0 = Release|Any CPU
		{99A62EE0-2A52-424A-AC4C-AC1B5ABD9203}.Debug|Any CPU.ActiveCfg = Debug|Any CPU
		{99A62EE0-2A52-424A-AC4C-AC1B5ABD9203}.Debug|Any CPU.Build.0 = Debug|Any CPU
		{99A62EE0-2A52-424A-AC4C-AC1B5ABD9203}.Release|Any CPU.ActiveCfg = Release|Any CPU
		{99A62EE0-2A52-424A-AC4C-AC1B5ABD9203}.Release|Any CPU.Build.0 = Release|Any CPU
	EndGlobalSection
	GlobalSection(SolutionProperties) = preSolution
		HideSolutionNode = FALSE
	EndGlobalSection
	GlobalSection(ExtensibilityGlobals) = postSolution
		SolutionGuid = {F8843219-4758-40BD-9724-C81B13F93AF7}
	EndGlobalSection
EndGlobal
